
Microsoft Visual Studio Solution File, Format Version 12.00
# Visual Studio Version 17
VisualStudioVersion = 17.10.35004.147
MinimumVisualStudioVersion = 10.0.40219.1
Project("{9A19103F-16F7-4668-BE54-9A1E7A4F7556}") = "SmartHint.Domain", "SmartHint.Domain\SmartHint.Domain.csproj", "{ADF4FBA3-9B09-47A2-B0CF-B422A87D3210}"
EndProject
Project("{9A19103F-16F7-4668-BE54-9A1E7A4F7556}") = "SmartHint.Application", "SmartHint.Application\SmartHint.Application.csproj", "{6D0D4F02-7F53-43C2-9562-A6740D556B55}"
EndProject
Project("{9A19103F-16F7-4668-BE54-9A1E7A4F7556}") = "SmartHint.Infra.Data", "SmartHint.Infra.Data\SmartHint.Infra.Data.csproj", "{B84885BB-47C5-493A-B356-86AB6D9E993A}"
EndProject
Project("{9A19103F-16F7-4668-BE54-9A1E7A4F7556}") = "SmartHint.Web", "SmartHint.Web\SmartHint.Web.csproj", "{602B938F-4130-499C-89B7-547972F2B387}"
	ProjectSection(ProjectDependencies) = postProject
		{6D0D4F02-7F53-43C2-9562-A6740D556B55} = {6D0D4F02-7F53-43C2-9562-A6740D556B55}
		{B84885BB-47C5-493A-B356-86AB6D9E993A} = {B84885BB-47C5-493A-B356-86AB6D9E993A}
	EndProjectSection
EndProject
Project("{FAE04EC0-301F-11D3-BF4B-00C04F79EFBC}") = "SmartHint.Tests", "SmartHint.Tests\SmartHint.Tests.csproj", "{690F07E5-D566-4437-9570-11FF3D2D43BA}"
	ProjectSection(ProjectDependencies) = postProject
		{6D0D4F02-7F53-43C2-9562-A6740D556B55} = {6D0D4F02-7F53-43C2-9562-A6740D556B55}
		{B84885BB-47C5-493A-B356-86AB6D9E993A} = {B84885BB-47C5-493A-B356-86AB6D9E993A}
	EndProjectSection
EndProject
Global
	GlobalSection(SolutionConfigurationPlatforms) = preSolution
		Debug|Any CPU = Debug|Any CPU
		Release|Any CPU = Release|Any CPU
	EndGlobalSection
	GlobalSection(ProjectConfigurationPlatforms) = postSolution
		{ADF4FBA3-9B09-47A2-B0CF-B422A87D3210}.Debug|Any CPU.ActiveCfg = Debug|Any CPU
		{ADF4FBA3-9B09-47A2-B0CF-B422A87D3210}.Debug|Any CPU.Build.0 = Debug|Any CPU
		{ADF4FBA3-9B09-47A2-B0CF-B422A87D3210}.Release|Any CPU.ActiveCfg = Release|Any CPU
		{ADF4FBA3-9B09-47A2-B0CF-B422A87D3210}.Release|Any CPU.Build.0 = Release|Any CPU
		{6D0D4F02-7F53-43C2-9562-A6740D556B55}.Debug|Any CPU.ActiveCfg = Debug|Any CPU
		{6D0D4F02-7F53-43C2-9562-A6740D556B55}.Debug|Any CPU.Build.0 = Debug|Any CPU
		{6D0D4F02-7F53-43C2-9562-A6740D556B55}.Release|Any CPU.ActiveCfg = Release|Any CPU
		{6D0D4F02-7F53-43C2-9562-A6740D556B55}.Release|Any CPU.Build.0 = Release|Any CPU
		{B84885BB-47C5-493A-B356-86AB6D9E993A}.Debug|Any CPU.ActiveCfg = Debug|Any CPU
		{B84885BB-47C5-493A-B356-86AB6D9E993A}.Debug|Any CPU.Build.0 = Debug|Any CPU
		{B84885BB-47C5-493A-B356-86AB6D9E993A}.Release|Any CPU.ActiveCfg = Release|Any CPU
		{B84885BB-47C5-493A-B356-86AB6D9E993A}.Release|Any CPU.Build.0 = Release|Any CPU
		{602B938F-4130-499C-89B7-547972F2B387}.Debug|Any CPU.ActiveCfg = Debug|Any CPU
		{602B938F-4130-499C-89B7-547972F2B387}.Debug|Any CPU.Build.0 = Debug|Any CPU
		{602B938F-4130-499C-89B7-547972F2B387}.Release|Any CPU.ActiveCfg = Release|Any CPU
		{602B938F-4130-499C-89B7-547972F2B387}.Release|Any CPU.Build.0 = Release|Any CPU
		{690F07E5-D566-4437-9570-11FF3D2D43BA}.Debug|Any CPU.ActiveCfg = Debug|Any CPU
		{690F07E5-D566-4437-9570-11FF3D2D43BA}.Debug|Any CPU.Build.0 = Debug|Any CPU
		{690F07E5-D566-4437-9570-11FF3D2D43BA}.Release|Any CPU.ActiveCfg = Release|Any CPU
		{690F07E5-D566-4437-9570-11FF3D2D43BA}.Release|Any CPU.Build.0 = Release|Any CPU
	EndGlobalSection
	GlobalSection(SolutionProperties) = preSolution
		HideSolutionNode = FALSE
	EndGlobalSection
	GlobalSection(ExtensibilityGlobals) = postSolution
		SolutionGuid = {943919B2-05A5-4CCE-8E93-940F53E0B5DE}
	EndGlobalSection
EndGlobal
